{
  "version": "5",
  "specifiers": {
    "jsr:@std/assert@*": "1.0.13",
    "jsr:@std/assert@1": "1.0.13",
    "jsr:@std/assert@^1.0.13": "1.0.13",
    "jsr:@std/internal@^1.0.6": "1.0.8",
    "jsr:@std/internal@^1.0.8": "1.0.8",
    "jsr:@std/testing@*": "1.0.14",
    "npm:@effect/language-service@~0.23.5": "0.23.5",
    "npm:@effect/platform-node@~0.89.2": "0.89.2_@effect+cluster@0.41.14__@effect+platform@0.87.10___effect@3.16.12__@effect+rpc@0.64.11___@effect+platform@0.87.10____effect@3.16.12___effect@3.16.12__@effect+sql@0.40.11___@effect+experimental@0.51.11____@effect+platform@0.87.10_____effect@3.16.12____effect@3.16.12___@effect+platform@0.87.10____effect@3.16.12___effect@3.16.12__@effect+workflow@0.4.11___@effect+platform@0.87.10____effect@3.16.12___@effect+rpc@0.64.11____@effect+platform@0.87.10_____effect@3.16.12____effect@3.16.12___effect@3.16.12__effect@3.16.12_@effect+platform@0.87.10__effect@3.16.12_@effect+rpc@0.64.11__@effect+platform@0.87.10___effect@3.16.12__effect@3.16.12_@effect+sql@0.40.11__@effect+experimental@0.51.11___@effect+platform@0.87.10____effect@3.16.12___effect@3.16.12__@effect+platform@0.87.10___effect@3.16.12__effect@3.16.12_effect@3.16.12",
    "npm:@effect/platform@~0.87.10": "0.87.10_effect@3.16.12",
    "npm:@types/node@*": "22.15.15",
    "npm:effect@^3.16.12": "3.16.12",
    "npm:typescript@^5.8.3": "5.8.3"
  },
  "jsr": {
    "@std/assert@1.0.13": {
      "integrity": "ae0d31e41919b12c656c742b22522c32fb26ed0cba32975cb0de2a273cb68b29",
      "dependencies": [
        "jsr:@std/internal@^1.0.6"
      ]
    },
    "@std/internal@1.0.8": {
      "integrity": "fc66e846d8d38a47cffd274d80d2ca3f0de71040f855783724bb6b87f60891f5"
    },
    "@std/testing@1.0.14": {
      "integrity": "144b3737105b9071cb50c957681f58a1b8ec0f3e5b19ad830f401c5fa931e8f0",
      "dependencies": [
        "jsr:@std/assert@^1.0.13",
        "jsr:@std/internal@^1.0.8"
      ]
    }
  },
  "npm": {
    "@biomejs/cli-darwin-arm64@2.0.0-beta.2": {
      "integrity": "sha512-LJ7wjYNZkqcQDV6Xyoy9pwFp931rTDp5JvJkF+oPkucurn1kg07sYKV1fPErbfgnLzquaGHAez3wVA8MsTf79A==",
      "os": ["darwin"],
      "cpu": ["arm64"]
    },
    "@biomejs/cli-darwin-x64@2.0.0-beta.2": {
      "integrity": "sha512-o6KINuooUCIeg8RPUFabYjEtlosR7+P3ysyeOJ9BvGTLykgm+EtMBVMG+aZTut/cCcijkLQNDCdhza+Zj9PKQA==",
      "os": ["darwin"],
      "cpu": ["x64"]
    },
    "@biomejs/cli-linux-arm64-musl@2.0.0-beta.2": {
      "integrity": "sha512-OTPJalprRj+sGJKOFOrtPvRO2GqCzRBDJTk2C4MbK9ed5+h9eBMd8/A2IdQ8XOm0BECJWvIomzDaNEwKN3pNYw==",
      "os": ["linux"],
      "cpu": ["arm64"]
    },
    "@biomejs/cli-linux-arm64@2.0.0-beta.2": {
      "integrity": "sha512-9DWVXNYcKFTZv8T3Q6SBAl6SPMNzHsiaiQuuXm/cxSGaAfI0ixh0HNWYlLeTbfC86aBsnG+Us6mGYaFKF2p8YA==",
      "os": ["linux"],
      "cpu": ["arm64"]
    },
    "@biomejs/cli-linux-x64-musl@2.0.0-beta.2": {
      "integrity": "sha512-1TsFLIuefU47cdGLw1ELUVggvZsbyJbgrxy4KSeUQ3Ko1dJ9loOPvDC3X6UQBamHFdaKpbyZYzh2BiH81Pf55g==",
      "os": ["linux"],
      "cpu": ["x64"]
    },
    "@biomejs/cli-linux-x64@2.0.0-beta.2": {
      "integrity": "sha512-QjFfkbkzu388ChySo5XPMh2VNrFv216Xw04k0y3VlQ9v8pAPxmx9z0y+UnBjlndtDdJj/IhsLKG2FN7RhBjXbA==",
      "os": ["linux"],
      "cpu": ["x64"]
    },
    "@biomejs/cli-win32-arm64@2.0.0-beta.2": {
      "integrity": "sha512-MM60v1kLPONOwQK45jRbRwUes/083Hy/dzmO8QsQJ5eW5sV0oPIuZhuX+SMY3z3TyDmfuXZoemgPETeEjB+TdA==",
      "os": ["win32"],
      "cpu": ["arm64"]
    },
    "@biomejs/cli-win32-x64@2.0.0-beta.2": {
      "integrity": "sha512-tTHhVMEqRRBhpfWxwYTSGV8PIOQqc/RQz7WmuX/zaBkBbB9+hc2yeMmn6DPRPnaxNPjkNgD/Kwy3prQ4SxYAAw==",
      "os": ["win32"],
      "cpu": ["x64"]
    },
    "@effect/cluster@0.41.14_@effect+platform@0.87.10__effect@3.16.12_@effect+rpc@0.64.11__@effect+platform@0.87.10___effect@3.16.12__effect@3.16.12_@effect+sql@0.40.11__@effect+experimental@0.51.11___@effect+platform@0.87.10____effect@3.16.12___effect@3.16.12__@effect+platform@0.87.10___effect@3.16.12__effect@3.16.12_@effect+workflow@0.4.11__@effect+platform@0.87.10___effect@3.16.12__@effect+rpc@0.64.11___@effect+platform@0.87.10____effect@3.16.12___effect@3.16.12__effect@3.16.12_effect@3.16.12": {
      "integrity": "sha512-ODj6dMUBvYPWpFYcgB4o16YFKxo009K5rQze4gNLQZlvw3M8TigEptAAdEW1YqdrcwzKf2XWQbXLGIJ/WabXfw==",
      "dependencies": [
        "@effect/platform",
        "@effect/rpc",
        "@effect/sql",
        "@effect/workflow",
        "effect"
      ]
    },
    "@effect/experimental@0.51.11_@effect+platform@0.87.10__effect@3.16.12_effect@3.16.12": {
      "integrity": "sha512-Z4om33NdQFUReGWjcrmihfwSMfUVDIGoxCFrvnzV9Adg3VCLx9soqsehatK7GhPH9m71KiScAOSk+C/Y/GPWYg==",
      "dependencies": [
        "@effect/platform",
        "effect",
        "uuid"
      ]
    },
    "@effect/language-service@0.23.5": {
      "integrity": "sha512-aQN24eziWuqK/EdFhhZ2Jr/CZgYxNfsP9r7DT7jCYgJWhZ8HPO39hyHcij14cMv41ZM8j0p8lmBnHYZwYN1Wyg=="
    },
    "@effect/platform-node-shared@0.42.14_@effect+cluster@0.41.14__@effect+platform@0.87.10___effect@3.16.12__@effect+rpc@0.64.11___@effect+platform@0.87.10____effect@3.16.12___effect@3.16.12__@effect+sql@0.40.11___@effect+experimental@0.51.11____@effect+platform@0.87.10_____effect@3.16.12____effect@3.16.12___@effect+platform@0.87.10____effect@3.16.12___effect@3.16.12__@effect+workflow@0.4.11___@effect+platform@0.87.10____effect@3.16.12___@effect+rpc@0.64.11____@effect+platform@0.87.10_____effect@3.16.12____effect@3.16.12___effect@3.16.12__effect@3.16.12_@effect+platform@0.87.10__effect@3.16.12_@effect+rpc@0.64.11__@effect+platform@0.87.10___effect@3.16.12__effect@3.16.12_@effect+sql@0.40.11__@effect+experimental@0.51.11___@effect+platform@0.87.10____effect@3.16.12___effect@3.16.12__@effect+platform@0.87.10___effect@3.16.12__effect@3.16.12_effect@3.16.12": {
      "integrity": "sha512-X1BNTy+OtEQHyQ+vOp+1kLghnfcm4JRNF2zfnQIcm6bTcZduDkQiWyPfl1O9suqvUf/RJAZf5BGI0SMb44bS8Q==",
      "dependencies": [
        "@effect/cluster",
        "@effect/platform",
        "@effect/rpc",
        "@effect/sql",
        "@parcel/watcher",
        "effect",
        "multipasta",
        "ws"
      ]
    },
    "@effect/platform-node@0.89.2_@effect+cluster@0.41.14__@effect+platform@0.87.10___effect@3.16.12__@effect+rpc@0.64.11___@effect+platform@0.87.10____effect@3.16.12___effect@3.16.12__@effect+sql@0.40.11___@effect+experimental@0.51.11____@effect+platform@0.87.10_____effect@3.16.12____effect@3.16.12___@effect+platform@0.87.10____effect@3.16.12___effect@3.16.12__@effect+workflow@0.4.11___@effect+platform@0.87.10____effect@3.16.12___@effect+rpc@0.64.11____@effect+platform@0.87.10_____effect@3.16.12____effect@3.16.12___effect@3.16.12__effect@3.16.12_@effect+platform@0.87.10__effect@3.16.12_@effect+rpc@0.64.11__@effect+platform@0.87.10___effect@3.16.12__effect@3.16.12_@effect+sql@0.40.11__@effect+experimental@0.51.11___@effect+platform@0.87.10____effect@3.16.12___effect@3.16.12__@effect+platform@0.87.10___effect@3.16.12__effect@3.16.12_effect@3.16.12": {
      "integrity": "sha512-5FtUwTufEwwYdw7C3ZZUi6kAMvXLHJ36cFRRoeSFBFBtHeeDM9oSdyn2exlrbsNxlpTL2hv80zht3hhMAZiNtA==",
      "dependencies": [
        "@effect/cluster",
        "@effect/platform",
        "@effect/platform-node-shared",
        "@effect/rpc",
        "@effect/sql",
        "effect",
        "mime",
        "undici",
        "ws"
      ]
    },
    "@effect/platform@0.87.10_effect@3.16.12": {
      "integrity": "sha512-6deul1mycjetR4iFEqSFgCWGcAdlaYQVKycHT89KfXc8aRasM/lN4770PznNVuT5iOM9/I9HxMzL3Bj5sA/Xyg==",
      "dependencies": [
        "effect",
        "find-my-way-ts",
        "msgpackr",
        "multipasta"
      ]
    },
    "@effect/rpc@0.64.11_@effect+platform@0.87.10__effect@3.16.12_effect@3.16.12": {
      "integrity": "sha512-SyedMPjB0CE3/BXLZB601jFb5ZSyD3vlq8XCU2kHaoxDQfMT4umh/PoEhQUhPa3nft8ZL7OkwQqaUx2P8fmNNw==",
      "dependencies": [
        "@effect/platform",
        "effect"
      ]
    },
    "@effect/sql@0.40.11_@effect+experimental@0.51.11__@effect+platform@0.87.10___effect@3.16.12__effect@3.16.12_@effect+platform@0.87.10__effect@3.16.12_effect@3.16.12": {
      "integrity": "sha512-5Ys/OQEmBq6z3MJKa3W803rp9p1yni0ISDKSuKH1lhgdR8FWSMRWLe42s9stJHijvMvvoCUPO+MZjZ6m1UAFdg==",
      "dependencies": [
        "@effect/experimental",
        "@effect/platform",
        "@opentelemetry/semantic-conventions",
        "effect",
        "uuid"
      ]
    },
    "@effect/workflow@0.4.11_@effect+platform@0.87.10__effect@3.16.12_@effect+rpc@0.64.11__@effect+platform@0.87.10___effect@3.16.12__effect@3.16.12_effect@3.16.12": {
      "integrity": "sha512-Omq1KcYYdPYgaw/hxbRtNuSPxY5vTyMZ46D9GoEgDysnHCe1+wrBxlvtdIyI5kKoxB3Gm7dExuxhtJ791ABxSQ==",
      "dependencies": [
        "@effect/platform",
        "@effect/rpc",
        "effect"
      ]
    },
    "@msgpackr-extract/msgpackr-extract-darwin-arm64@3.0.3": {
      "integrity": "sha512-QZHtlVgbAdy2zAqNA9Gu1UpIuI8Xvsd1v8ic6B2pZmeFnFcMWiPLfWXh7TVw4eGEZ/C9TH281KwhVoeQUKbyjw==",
      "os": ["darwin"],
      "cpu": ["arm64"]
    },
    "@msgpackr-extract/msgpackr-extract-darwin-x64@3.0.3": {
      "integrity": "sha512-mdzd3AVzYKuUmiWOQ8GNhl64/IoFGol569zNRdkLReh6LRLHOXxU4U8eq0JwaD8iFHdVGqSy4IjFL4reoWCDFw==",
      "os": ["darwin"],
      "cpu": ["x64"]
    },
    "@msgpackr-extract/msgpackr-extract-linux-arm64@3.0.3": {
      "integrity": "sha512-YxQL+ax0XqBJDZiKimS2XQaf+2wDGVa1enVRGzEvLLVFeqa5kx2bWbtcSXgsxjQB7nRqqIGFIcLteF/sHeVtQg==",
      "os": ["linux"],
      "cpu": ["arm64"]
    },
    "@msgpackr-extract/msgpackr-extract-linux-arm@3.0.3": {
      "integrity": "sha512-fg0uy/dG/nZEXfYilKoRe7yALaNmHoYeIoJuJ7KJ+YyU2bvY8vPv27f7UKhGRpY6euFYqEVhxCFZgAUNQBM3nw==",
      "os": ["linux"],
      "cpu": ["arm"]
    },
    "@msgpackr-extract/msgpackr-extract-linux-x64@3.0.3": {
      "integrity": "sha512-cvwNfbP07pKUfq1uH+S6KJ7dT9K8WOE4ZiAcsrSes+UY55E/0jLYc+vq+DO7jlmqRb5zAggExKm0H7O/CBaesg==",
      "os": ["linux"],
      "cpu": ["x64"]
    },
    "@msgpackr-extract/msgpackr-extract-win32-x64@3.0.3": {
      "integrity": "sha512-x0fWaQtYp4E6sktbsdAqnehxDgEc/VwM7uLsRCYWaiGu0ykYdZPiS8zCWdnjHwyiumousxfBm4SO31eXqwEZhQ==",
      "os": ["win32"],
      "cpu": ["x64"]
    },
    "@opentelemetry/semantic-conventions@1.34.0": {
      "integrity": "sha512-aKcOkyrorBGlajjRdVoJWHTxfxO1vCNHLJVlSDaRHDIdjU+pX8IYQPvPDkYiujKLbRnWU+1TBwEt0QRgSm4SGA=="
    },
    "@parcel/watcher-android-arm64@2.5.1": {
      "integrity": "sha512-KF8+j9nNbUN8vzOFDpRMsaKBHZ/mcjEjMToVMJOhTozkDonQFFrRcfdLWn6yWKCmJKmdVxSgHiYvTCef4/qcBA==",
      "os": ["android"],
      "cpu": ["arm64"]
    },
    "@parcel/watcher-darwin-arm64@2.5.1": {
      "integrity": "sha512-eAzPv5osDmZyBhou8PoF4i6RQXAfeKL9tjb3QzYuccXFMQU0ruIc/POh30ePnaOyD1UXdlKguHBmsTs53tVoPw==",
      "os": ["darwin"],
      "cpu": ["arm64"]
    },
    "@parcel/watcher-darwin-x64@2.5.1": {
      "integrity": "sha512-1ZXDthrnNmwv10A0/3AJNZ9JGlzrF82i3gNQcWOzd7nJ8aj+ILyW1MTxVk35Db0u91oD5Nlk9MBiujMlwmeXZg==",
      "os": ["darwin"],
      "cpu": ["x64"]
    },
    "@parcel/watcher-freebsd-x64@2.5.1": {
      "integrity": "sha512-SI4eljM7Flp9yPuKi8W0ird8TI/JK6CSxju3NojVI6BjHsTyK7zxA9urjVjEKJ5MBYC+bLmMcbAWlZ+rFkLpJQ==",
      "os": ["freebsd"],
      "cpu": ["x64"]
    },
    "@parcel/watcher-linux-arm-glibc@2.5.1": {
      "integrity": "sha512-RCdZlEyTs8geyBkkcnPWvtXLY44BCeZKmGYRtSgtwwnHR4dxfHRG3gR99XdMEdQ7KeiDdasJwwvNSF5jKtDwdA==",
      "os": ["linux"],
      "cpu": ["arm"]
    },
    "@parcel/watcher-linux-arm-musl@2.5.1": {
      "integrity": "sha512-6E+m/Mm1t1yhB8X412stiKFG3XykmgdIOqhjWj+VL8oHkKABfu/gjFj8DvLrYVHSBNC+/u5PeNrujiSQ1zwd1Q==",
      "os": ["linux"],
      "cpu": ["arm"]
    },
    "@parcel/watcher-linux-arm64-glibc@2.5.1": {
      "integrity": "sha512-LrGp+f02yU3BN9A+DGuY3v3bmnFUggAITBGriZHUREfNEzZh/GO06FF5u2kx8x+GBEUYfyTGamol4j3m9ANe8w==",
      "os": ["linux"],
      "cpu": ["arm64"]
    },
    "@parcel/watcher-linux-arm64-musl@2.5.1": {
      "integrity": "sha512-cFOjABi92pMYRXS7AcQv9/M1YuKRw8SZniCDw0ssQb/noPkRzA+HBDkwmyOJYp5wXcsTrhxO0zq1U11cK9jsFg==",
      "os": ["linux"],
      "cpu": ["arm64"]
    },
    "@parcel/watcher-linux-x64-glibc@2.5.1": {
      "integrity": "sha512-GcESn8NZySmfwlTsIur+49yDqSny2IhPeZfXunQi48DMugKeZ7uy1FX83pO0X22sHntJ4Ub+9k34XQCX+oHt2A==",
      "os": ["linux"],
      "cpu": ["x64"]
    },
    "@parcel/watcher-linux-x64-musl@2.5.1": {
      "integrity": "sha512-n0E2EQbatQ3bXhcH2D1XIAANAcTZkQICBPVaxMeaCVBtOpBZpWJuf7LwyWPSBDITb7In8mqQgJ7gH8CILCURXg==",
      "os": ["linux"],
      "cpu": ["x64"]
    },
    "@parcel/watcher-win32-arm64@2.5.1": {
      "integrity": "sha512-RFzklRvmc3PkjKjry3hLF9wD7ppR4AKcWNzH7kXR7GUe0Igb3Nz8fyPwtZCSquGrhU5HhUNDr/mKBqj7tqA2Vw==",
      "os": ["win32"],
      "cpu": ["arm64"]
    },
    "@parcel/watcher-win32-ia32@2.5.1": {
      "integrity": "sha512-c2KkcVN+NJmuA7CGlaGD1qJh1cLfDnQsHjE89E60vUEMlqduHGCdCLJCID5geFVM0dOtA3ZiIO8BoEQmzQVfpQ==",
      "os": ["win32"],
      "cpu": ["ia32"]
    },
    "@parcel/watcher-win32-x64@2.5.1": {
      "integrity": "sha512-9lHBdJITeNR++EvSQVUcaZoWupyHfXe1jZvGZ06O/5MflPcuPLtEphScIBL+AiCWBO46tDSHzWyD0uDmmZqsgA==",
      "os": ["win32"],
      "cpu": ["x64"]
    },
    "@parcel/watcher@2.5.1": {
      "integrity": "sha512-dfUnCxiN9H4ap84DvD2ubjw+3vUNpstxa0TneY/Paat8a3R4uQZDLSvWjmznAY/DoahqTHl9V46HF/Zs3F29pg==",
      "dependencies": [
        "detect-libc@1.0.3",
        "is-glob",
        "micromatch",
        "node-addon-api"
      ],
      "optionalDependencies": [
        "@parcel/watcher-android-arm64",
        "@parcel/watcher-darwin-arm64",
        "@parcel/watcher-darwin-x64",
        "@parcel/watcher-freebsd-x64",
        "@parcel/watcher-linux-arm-glibc",
        "@parcel/watcher-linux-arm-musl",
        "@parcel/watcher-linux-arm64-glibc",
        "@parcel/watcher-linux-arm64-musl",
        "@parcel/watcher-linux-x64-glibc",
        "@parcel/watcher-linux-x64-musl",
        "@parcel/watcher-win32-arm64",
        "@parcel/watcher-win32-ia32",
        "@parcel/watcher-win32-x64"
      ],
      "scripts": true
    },
    "@standard-schema/spec@1.0.0": {
      "integrity": "sha512-m2bOd0f2RT9k8QJx1JN85cZYyH1RqFBdlwtkSlf4tBDYLCiiZnv1fIIwacK6cqwXavOydf0NPToMQgpKq+dVlA=="
    },
    "@types/node@22.15.15": {
      "integrity": "sha512-R5muMcZob3/Jjchn5LcO8jdKwSCbzqmPB6ruBxMcf9kbxtniZHP327s6C37iOfuw8mbKK3cAQa7sEl7afLrQ8A==",
      "dependencies": [
        "undici-types"
      ]
    },
    "braces@3.0.3": {
      "integrity": "sha512-yQbXgO/OSZVD2IsiLlro+7Hf6Q18EJrKSEsdoMzKePKXct3gvD8oLcOQdIzGupr5Fj+EDe8gO/lxc1BzfMpxvA==",
      "dependencies": [
        "fill-range"
      ]
    },
    "detect-libc@1.0.3": {
      "integrity": "sha512-pGjwhsmsp4kL2RTz08wcOlGN83otlqHeD/Z5T8GXZB+/YcpQ/dgo+lbU8ZsGxV0HIvqqxo9l7mqYwyYMD9bKDg==",
      "bin": true
    },
    "detect-libc@2.0.4": {
      "integrity": "sha512-3UDv+G9CsCKO1WKMGw9fwq/SWJYbI0c5Y7LU1AXYoDdbhE2AHQ6N6Nb34sG8Fj7T5APy8qXDCKuuIHd1BR0tVA=="
    },
    "effect@3.16.12": {
      "integrity": "sha512-N39iBk0K71F9nb442TLbTkjl24FLUzuvx2i1I2RsEAQsdAdUTuUoW0vlfUXgkMTUOnYqKnWcFfqw4hK4Pw27hg==",
      "dependencies": [
        "@standard-schema/spec",
        "fast-check"
      ]
    },
    "fast-check@3.23.2": {
      "integrity": "sha512-h5+1OzzfCC3Ef7VbtKdcv7zsstUQwUDlYpUTvjeUsJAssPgLn7QzbboPtL5ro04Mq0rPOsMzl7q5hIbRs2wD1A==",
      "dependencies": [
        "pure-rand"
      ]
    },
    "fill-range@7.1.1": {
      "integrity": "sha512-YsGpe3WHLK8ZYi4tWDg2Jy3ebRz2rXowDxnld4bkQB00cc/1Zw9AWnC0i9ztDJitivtQvaI9KaLyKrc+hBW0yg==",
      "dependencies": [
        "to-regex-range"
      ]
    },
    "find-my-way-ts@0.1.5": {
      "integrity": "sha512-4GOTMrpGQVzsCH2ruUn2vmwzV/02zF4q+ybhCIrw/Rkt3L8KWcycdC6aJMctJzwN4fXD4SD5F/4B9Sksh5rE0A=="
    },
    "fsevents@2.3.3": {
      "integrity": "sha512-5xoDfX+fL7faATnagmWPpbFtwh/R77WmMMqqHGS65C3vvB0YHrgF+B1YmZ3441tMj5n63k0212XNoJwzlhffQw==",
      "os": ["darwin"],
      "scripts": true
    },
    "is-extglob@2.1.1": {
      "integrity": "sha512-SbKbANkN603Vi4jEZv49LeVJMn4yGwsbzZworEoyEiutsN3nJYdbO36zfhGJ6QEDpOZIFkDtnq5JRxmvl3jsoQ=="
    },
    "is-glob@4.0.3": {
      "integrity": "sha512-xelSayHH36ZgE7ZWhli7pW34hNbNl8Ojv5KVmkJD4hBdD3th8Tfk9vYasLM+mXWOZhFkgZfxhLSnrwRr4elSSg==",
      "dependencies": [
        "is-extglob"
      ]
    },
    "is-number@7.0.0": {
      "integrity": "sha512-41Cifkg6e8TylSpdtTpeLVMqvSBEVzTttHvERD741+pnZ8ANv0004MRL43QKPDlK9cGvNp6NZWZUBlbGXYxxng=="
    },
    "micromatch@4.0.8": {
      "integrity": "sha512-PXwfBhYu0hBCPw8Dn0E+WDYb7af3dSLVWKi3HGv84IdF4TyFoC0ysxFd0Goxw7nSv4T/PzEJQxsYsEiFCKo2BA==",
      "dependencies": [
        "braces",
        "picomatch"
      ]
    },
    "mime@3.0.0": {
      "integrity": "sha512-jSCU7/VB1loIWBZe14aEYHU/+1UMEHoaO7qxCOVJOw9GgH72VAWppxNcjU+x9a2k3GSIBXNKxXQFqRvvZ7vr3A==",
      "bin": true
    },
    "msgpackr-extract@3.0.3": {
      "integrity": "sha512-P0efT1C9jIdVRefqjzOQ9Xml57zpOXnIuS+csaB4MdZbTdmGDLo8XhzBG1N7aO11gKDDkJvBLULeFTo46wwreA==",
      "dependencies": [
        "node-gyp-build-optional-packages"
      ],
      "optionalDependencies": [
        "@msgpackr-extract/msgpackr-extract-darwin-arm64",
        "@msgpackr-extract/msgpackr-extract-darwin-x64",
        "@msgpackr-extract/msgpackr-extract-linux-arm",
        "@msgpackr-extract/msgpackr-extract-linux-arm64",
        "@msgpackr-extract/msgpackr-extract-linux-x64",
        "@msgpackr-extract/msgpackr-extract-win32-x64"
      ],
      "scripts": true,
      "bin": true
    },
    "msgpackr@1.11.4": {
      "integrity": "sha512-uaff7RG9VIC4jacFW9xzL3jc0iM32DNHe4jYVycBcjUePT/Klnfj7pqtWJt9khvDFizmjN2TlYniYmSS2LIaZg==",
      "optionalDependencies": [
        "msgpackr-extract"
      ]
    },
    "multipasta@0.2.5": {
      "integrity": "sha512-c8eMDb1WwZcE02WVjHoOmUVk7fnKU/RmUcosHACglrWAuPQsEJv+E8430sXj6jNc1jHw0zrS16aCjQh4BcEb4A=="
    },
    "node-addon-api@7.1.1": {
      "integrity": "sha512-5m3bsyrjFWE1xf7nz7YXdN4udnVtXK6/Yfgn5qnahL6bCkf2yKt4k3nuTKAtT4r3IG8JNR2ncsIMdZuAzJjHQQ=="
    },
    "node-gyp-build-optional-packages@5.2.2": {
      "integrity": "sha512-s+w+rBWnpTMwSFbaE0UXsRlg7hU4FjekKU4eyAih5T8nJuNZT1nNsskXpxmeqSK9UzkBl6UgRlnKc8hz8IEqOw==",
      "dependencies": [
        "detect-libc@2.0.4"
      ],
      "bin": true
    },
    "picomatch@2.3.1": {
      "integrity": "sha512-JU3teHTNjmE2VCGFzuY8EXzCDVwEqB2a8fsIvwaStHhAWJEeVd1o1QD80CU6+ZdEXXSLbSsuLwJjkCBWqRQUVA=="
    },
    "pure-rand@6.1.0": {
      "integrity": "sha512-bVWawvoZoBYpp6yIoQtQXHZjmz35RSVHnUOTefl8Vcjr8snTPY1wnpSPMWekcFwbxI6gtmT7rSYPFvz71ldiOA=="
    },
    "to-regex-range@5.0.1": {
      "integrity": "sha512-65P7iz6X5yEr1cwcgvQxbbIw7Uk3gOy5dIdtZ4rDveLqhrdJP+Li/Hx6tyK0NEb+2GCyneCMJiGqrADCSNk8sQ==",
      "dependencies": [
        "is-number"
      ]
    },
    "turbo-darwin-64@2.5.4": {
      "integrity": "sha512-ah6YnH2dErojhFooxEzmvsoZQTMImaruZhFPfMKPBq8sb+hALRdvBNLqfc8NWlZq576FkfRZ/MSi4SHvVFT9PQ==",
      "os": ["darwin"],
      "cpu": ["x64"]
    },
    "turbo-darwin-arm64@2.5.4": {
      "integrity": "sha512-2+Nx6LAyuXw2MdXb7pxqle3MYignLvS7OwtsP9SgtSBaMlnNlxl9BovzqdYAgkUW3AsYiQMJ/wBRb7d+xemM5A==",
      "os": ["darwin"],
      "cpu": ["arm64"]
    },
    "turbo-linux-64@2.5.4": {
      "integrity": "sha512-5May2kjWbc8w4XxswGAl74GZ5eM4Gr6IiroqdLhXeXyfvWEdm2mFYCSWOzz0/z5cAgqyGidF1jt1qzUR8hTmOA==",
      "os": ["linux"],
      "cpu": ["x64"]
    },
    "turbo-linux-arm64@2.5.4": {
      "integrity": "sha512-/2yqFaS3TbfxV3P5yG2JUI79P7OUQKOUvAnx4MV9Bdz6jqHsHwc9WZPpO4QseQm+NvmgY6ICORnoVPODxGUiJg==",
      "os": ["linux"],
      "cpu": ["arm64"]
    },
    "turbo-windows-64@2.5.4": {
      "integrity": "sha512-EQUO4SmaCDhO6zYohxIjJpOKRN3wlfU7jMAj3CgcyTPvQR/UFLEKAYHqJOnJtymbQmiiM/ihX6c6W6Uq0yC7mA==",
      "os": ["win32"],
      "cpu": ["x64"]
    },
    "turbo-windows-arm64@2.5.4": {
      "integrity": "sha512-oQ8RrK1VS8lrxkLriotFq+PiF7iiGgkZtfLKF4DDKsmdbPo0O9R2mQxm7jHLuXraRCuIQDWMIw6dpcr7Iykf4A==",
      "os": ["win32"],
      "cpu": ["arm64"]
    },
    "typescript@5.8.3": {
      "integrity": "sha512-p1diW6TqL9L07nNxvRMM7hMMw4c5XOo/1ibL4aAIGmSAt9slTE1Xgw5KWuof2uTOvCg9BY7ZRi+GaF+7sfgPeQ==",
      "bin": true
    },
    "undici-types@6.21.0": {
      "integrity": "sha512-iwDZqg0QAGrg9Rav5H4n0M64c3mkR59cJ6wQp+7C4nI0gsmExaedaYLNO44eT4AtBBwjbTiGPMlt2Md0T9H9JQ=="
    },
    "undici@7.11.0": {
      "integrity": "sha512-heTSIac3iLhsmZhUCjyS3JQEkZELateufzZuBaVM5RHXdSBMb1LPMQf5x+FH7qjsZYDP0ttAc3nnVpUB+wYbOg=="
    },
    "uuid@11.1.0": {
      "integrity": "sha512-0/A9rDy9P7cJ+8w1c9WD9V//9Wj15Ce2MPz8Ri6032usz+NfePxx5AcN3bN+r6ZL6jEo066/yNYB3tn4pQEx+A==",
      "bin": true
    },
    "ws@8.18.3": {
      "integrity": "sha512-PEIGCY5tSlUt50cqyMXfCzX+oOPqN0vuGqWzbcJ2xvnkzkq46oOpz7dQaTDBdfICb4N14+GARUDw2XV2N4tvzg=="
    }
  },
  "remote": {
    "https://deno.land/std@0.220.0/assert/_constants.ts": "a271e8ef5a573f1df8e822a6eb9d09df064ad66a4390f21b3e31f820a38e0975",
    "https://deno.land/std@0.220.0/assert/_diff.ts": "4bf42969aa8b1a33aaf23eb8e478b011bfaa31b82d85d2ff4b5c4662d8780d2b",
    "https://deno.land/std@0.220.0/assert/_format.ts": "0ba808961bf678437fb486b56405b6fefad2cf87b5809667c781ddee8c32aff4",
    "https://deno.land/std@0.220.0/assert/assert_equals.ts": "4497c56fe7d2993b0d447926702802fc0becb44e319079e8eca39b482ee01b4e",
    "https://deno.land/std@0.220.0/assert/assert_false.ts": "6f382568e5128c0f855e5f7dbda8624c1ed9af4fcc33ef4a9afeeedcdce99769",
    "https://deno.land/std@0.220.0/assert/assert_instance_of.ts": "72dc1faff1e248692d873c89382fa1579dd7b53b56d52f37f9874a75b11ba444",
    "https://deno.land/std@0.220.0/assert/assert_is_error.ts": "6596f2b5ba89ba2fe9b074f75e9318cda97a2381e59d476812e30077fbdb6ed2",
    "https://deno.land/std@0.220.0/assert/assert_match.ts": "ec2d9680ed3e7b9746ec57ec923a17eef6d476202f339ad91d22277d7f1d16e1",
    "https://deno.land/std@0.220.0/assert/assert_not_instance_of.ts": "8f720d92d83775c40b2542a8d76c60c2d4aeddaf8713c8d11df8984af2604931",
    "https://deno.land/std@0.220.0/assert/assert_not_match.ts": "b4b7c77f146963e2b673c1ce4846473703409eb93f5ab0eb60f6e6f8aeffe39f",
    "https://deno.land/std@0.220.0/assert/assert_not_strict_equals.ts": "da0b8ab60a45d5a9371088378e5313f624799470c3b54c76e8b8abeec40a77be",
    "https://deno.land/std@0.220.0/assert/assert_object_match.ts": "e85e5eef62a56ce364c3afdd27978ccab979288a3e772e6855c270a7b118fa49",
    "https://deno.land/std@0.220.0/assert/assert_strict_equals.ts": "0425a98f70badccb151644c902384c12771a93e65f8ff610244b8147b03a2366",
    "https://deno.land/std@0.220.0/assert/assertion_error.ts": "9f689a101ee586c4ce92f52fa7ddd362e86434ffdf1f848e45987dc7689976b8",
    "https://deno.land/std@0.220.0/assert/equal.ts": "fae5e8a52a11d3ac694bbe1a53e13a7969e3f60791262312e91a3e741ae519e2",
    "https://deno.land/std@0.220.0/expect/_assert_equals.ts": "08a5ba74c1c7ca51c4c2c33158509746c560777ad3cb8996a55d85a8d57c351c",
    "https://deno.land/std@0.220.0/expect/_assert_not_equals.ts": "f8c56aafbc12b2d49bb5e1478f02a3ae8a6fd884eff18ccbc899a94829eb1510",
    "https://deno.land/std@0.220.0/expect/_asymmetric_matchers.ts": "0096904089a11f0b9183f7eb7242aa67a39697072ae8121648964c97f11425f6",
    "https://deno.land/std@0.220.0/expect/_build_message.ts": "bef41b72d68c5f11c4bea867c118f7c4ca94ed0d1c00e601ed58ee08c857b534",
    "https://deno.land/std@0.220.0/expect/_constants.ts": "751a014c4b803ad21287529d55d213d8b5eb34d203cca9509e4c9b84ced440a8",
    "https://deno.land/std@0.220.0/expect/_custom_equality_tester.ts": "9426916863d2b740ae3ec74e2de5f2ec79d36bb1a62bdd5965a9b9543c8ee46d",
    "https://deno.land/std@0.220.0/expect/_diff.ts": "4bf42969aa8b1a33aaf23eb8e478b011bfaa31b82d85d2ff4b5c4662d8780d2b",
    "https://deno.land/std@0.220.0/expect/_equal.ts": "99d64abea24cc651df15d5401c20d0fd7b45c6b9e41eb555db590c16ff831c91",
    "https://deno.land/std@0.220.0/expect/_extend.ts": "ac8ab93dbe66bb2d0d356409e84e9b884babbc404c8a8d63be73509055ed16be",
    "https://deno.land/std@0.220.0/expect/_format.ts": "e456ee08d8255b34b8ff126be2d40adf3bbf695a7e2d82d0a9cd7bb223e40ddb",
    "https://deno.land/std@0.220.0/expect/_inspect_args.ts": "6cc9b3809e6f9671b35d0305d1ed7cc340b00b0455731b0b47b6c2ae707f8f27",
    "https://deno.land/std@0.220.0/expect/_matchers.ts": "a14db5f034dbf6f783481c4f2675e8adbeedcf6dbc7f8e914cf2a32a4fd84686",
    "https://deno.land/std@0.220.0/expect/_mock_util.ts": "7e79e07eb869ff71b96601ac76807c745465bd3c5a3df622abf44c28a0c4ca8c",
    "https://deno.land/std@0.220.0/expect/_types.ts": "2ca1780e46377cc10c886b96a9f796df5a82f08e545273729fdc2083a916357f",
    "https://deno.land/std@0.220.0/expect/_utils.ts": "fc45069227d1c5a04f642b9224f060017eb02923159a4848d79a7a3fcef53c55",
    "https://deno.land/std@0.220.0/expect/expect.ts": "2323174dcedcbd78a18e3722944196ffa3dadbc5e39e6af21109ebfeb65cc5bd",
    "https://deno.land/std@0.220.0/expect/fn.ts": "3b11d35a8d276c553a3a40df5da6ac21f207aa671a2143370b2f728449b1df22",
    "https://deno.land/std@0.220.0/expect/mod.ts": "c650aaf0f9fbf8051d852874b4859a62aeff2917ca0ae7753de9aead6e2f9730",
    "https://deno.land/std@0.220.0/fmt/colors.ts": "d239d84620b921ea520125d778947881f62c50e78deef2657073840b8af9559a",
    "https://deno.land/std@0.220.0/testing/_test_suite.ts": "f10a8a6338b60c403f07a76f3f46bdc9f1e1a820c0a1decddeb2949f7a8a0546",
    "https://deno.land/std@0.220.0/testing/bdd.ts": "7a8ac58eded80e6fefa7cf7538927e88781cf5f247c04b35261c3213316e2dd0"
  },
  "workspace": {
    "dependencies": [
      "jsr:@std/assert@1",
      "npm:@effect/language-service@~0.23.5",
      "npm:@effect/platform-node@~0.89.2",
      "npm:@effect/platform@~0.87.10",
      "npm:effect@^3.16.12",
      "npm:typescript@^5.8.3"
    ]
  }
}
